// !$*UTF8*$!
{
	archiveVersion = 1;
	classes = {
	};
	objectVersion = 46;
	objects = {

/* Begin PBXBuildFile section */
		01F01E2E1720A7EA00FF6698 /* UIKit.framework in Frameworks */ = {isa = PBXBuildFile; fileRef = 01F01E2D1720A7EA00FF6698 /* UIKit.framework */; };
		01F01E301720A7EA00FF6698 /* Foundation.framework in Frameworks */ = {isa = PBXBuildFile; fileRef = 01F01E2F1720A7EA00FF6698 /* Foundation.framework */; };
		01F01E321720A7EA00FF6698 /* CoreGraphics.framework in Frameworks */ = {isa = PBXBuildFile; fileRef = 01F01E311720A7EA00FF6698 /* CoreGraphics.framework */; };
		01F01E381720A7EA00FF6698 /* InfoPlist.strings in Resources */ = {isa = PBXBuildFile; fileRef = 01F01E361720A7EA00FF6698 /* InfoPlist.strings */; };
		01F01E3A1720A7EA00FF6698 /* main.m in Sources */ = {isa = PBXBuildFile; fileRef = 01F01E391720A7EA00FF6698 /* main.m */; };
		01F01E3E1720A7EA00FF6698 /* AppDelegate.m in Sources */ = {isa = PBXBuildFile; fileRef = 01F01E3D1720A7EA00FF6698 /* AppDelegate.m */; };
		01F01E401720A7EA00FF6698 /* Default.png in Resources */ = {isa = PBXBuildFile; fileRef = 01F01E3F1720A7EA00FF6698 /* Default.png */; };
		01F01E421720A7EA00FF6698 /* Default@2x.png in Resources */ = {isa = PBXBuildFile; fileRef = 01F01E411720A7EA00FF6698 /* Default@2x.png */; };
		01F01E441720A7EA00FF6698 /* Default-568h@2x.png in Resources */ = {isa = PBXBuildFile; fileRef = 01F01E431720A7EA00FF6698 /* Default-568h@2x.png */; };
		01F01E471720A7EB00FF6698 /* ViewController.m in Sources */ = {isa = PBXBuildFile; fileRef = 01F01E461720A7EB00FF6698 /* ViewController.m */; };
		01F01E4A1720A7EB00FF6698 /* ViewController.xib in Resources */ = {isa = PBXBuildFile; fileRef = 01F01E481720A7EB00FF6698 /* ViewController.xib */; };
/* End PBXBuildFile section */

/* Begin PBXFileReference section */
		01F01E291720A7EA00FF6698 /* Calculator.app */ = {isa = PBXFileReference; explicitFileType = wrapper.application; includeInIndex = 0; path = Calculator.app; sourceTree = BUILT_PRODUCTS_DIR; };
		01F01E2D1720A7EA00FF6698 /* UIKit.framework */ = {isa = PBXFileReference; lastKnownFileType = wrapper.framework; name = UIKit.framework; path = System/Library/Frameworks/UIKit.framework; sourceTree = SDKROOT; };
		01F01E2F1720A7EA00FF6698 /* Foundation.framework */ = {isa = PBXFileReference; lastKnownFileType = wrapper.framework; name = Foundation.framework; path = System/Library/Frameworks/Foundation.framework; sourceTree = SDKROOT; };
		01F01E311720A7EA00FF6698 /* CoreGraphics.framework */ = {isa = PBXFileReference; lastKnownFileType = wrapper.framework; name = CoreGraphics.framework; path = System/Library/Frameworks/CoreGraphics.framework; sourceTree = SDKROOT; };
		01F01E351720A7EA00FF6698 /* Calculator-Info.plist */ = {isa = PBXFileReference; lastKnownFileType = text.plist.xml; path = "Calculator-Info.plist"; sourceTree = "<group>"; };
		01F01E371720A7EA00FF6698 /* en */ = {isa = PBXFileReference; lastKnownFileType = text.plist.strings; name = en; path = en.lproj/InfoPlist.strings; sourceTree = "<group>"; };
		01F01E391720A7EA00FF6698 /* main.m */ = {isa = PBXFileReference; lastKnownFileType = sourcecode.c.objc; path = main.m; sourceTree = "<group>"; };
		01F01E3B1720A7EA00FF6698 /* Calculator-Prefix.pch */ = {isa = PBXFileReference; lastKnownFileType = sourcecode.c.h; path = "Calculator-Prefix.pch"; sourceTree = "<group>"; };
		01F01E3C1720A7EA00FF6698 /* AppDelegate.h */ = {isa = PBXFileReference; lastKnownFileType = sourcecode.c.h; path = AppDelegate.h; sourceTree = "<group>"; };
		01F01E3D1720A7EA00FF6698 /* AppDelegate.m */ = {isa = PBXFileReference; lastKnownFileType = sourcecode.c.objc; path = AppDelegate.m; sourceTree = "<group>"; };
		01F01E3F1720A7EA00FF6698 /* Default.png */ = {isa = PBXFileReference; lastKnownFileType = image.png; path = Default.png; sourceTree = "<group>"; };
		01F01E411720A7EA00FF6698 /* Default@2x.png */ = {isa = PBXFileReference; lastKnownFileType = image.png; path = "Default@2x.png"; sourceTree = "<group>"; };
		01F01E431720A7EA00FF6698 /* Default-568h@2x.png */ = {isa = PBXFileReference; lastKnownFileType = image.png; path = "Default-568h@2x.png"; sourceTree = "<group>"; };
		01F01E451720A7EA00FF6698 /* ViewController.h */ = {isa = PBXFileReference; lastKnownFileType = sourcecode.c.h; path = ViewController.h; sourceTree = "<group>"; };
		01F01E461720A7EB00FF6698 /* ViewController.m */ = {isa = PBXFileReference; lastKnownFileType = sourcecode.c.objc; path = ViewController.m; sourceTree = "<group>"; };
		01F01E491720A7EB00FF6698 /* en */ = {isa = PBXFileReference; lastKnownFileType = file.xib; name = en; path = en.lproj/ViewController.xib; sourceTree = "<group>"; };
/* End PBXFileReference section */

/* Begin PBXFrameworksBuildPhase section */
		01F01E261720A7EA00FF6698 /* Frameworks */ = {
			isa = PBXFrameworksBuildPhase;
			buildActionMask = 2147483647;
			files = (
				01F01E2E1720A7EA00FF6698 /* UIKit.framework in Frameworks */,
				01F01E301720A7EA00FF6698 /* Foundation.framework in Frameworks */,
				01F01E321720A7EA00FF6698 /* CoreGraphics.framework in Frameworks */,
			);
			runOnlyForDeploymentPostprocessing = 0;
		};
/* End PBXFrameworksBuildPhase section */

/* Begin PBXGroup section */
		01F01E1E1720A7EA00FF6698 = {
			isa = PBXGroup;
			children = (
				01F01E331720A7EA00FF6698 /* Calculator */,
				01F01E2C1720A7EA00FF6698 /* Frameworks */,
				01F01E2A1720A7EA00FF6698 /* Products */,
			);
			sourceTree = "<group>";
		};
		01F01E2A1720A7EA00FF6698 /* Products */ = {
			isa = PBXGroup;
			children = (
				01F01E291720A7EA00FF6698 /* Calculator.app */,
			);
			name = Products;
			sourceTree = "<group>";
		};
		01F01E2C1720A7EA00FF6698 /* Frameworks */ = {
			isa = PBXGroup;
			children = (
				01F01E2D1720A7EA00FF6698 /* UIKit.framework */,
				01F01E2F1720A7EA00FF6698 /* Foundation.framework */,
				01F01E311720A7EA00FF6698 /* CoreGraphics.framework */,
			);
			name = Frameworks;
			sourceTree = "<group>";
		};
		01F01E331720A7EA00FF6698 /* Calculator */ = {
			isa = PBXGroup;
			children = (
				01F01E3C1720A7EA00FF6698 /* AppDelegate.h */,
				01F01E3D1720A7EA00FF6698 /* AppDelegate.m */,
				01F01E451720A7EA00FF6698 /* ViewController.h */,
				01F01E461720A7EB00FF6698 /* ViewController.m */,
				01F01E481720A7EB00FF6698 /* ViewController.xib */,
				01F01E341720A7EA00FF6698 /* Supporting Files */,
			);
			path = Calculator;
			sourceTree = "<group>";
		};
		01F01E341720A7EA00FF6698 /* Supporting Files */ = {
			isa = PBXGroup;
			children = (
				01F01E351720A7EA00FF6698 /* Calculator-Info.plist */,
				01F01E361720A7EA00FF6698 /* InfoPlist.strings */,
				01F01E391720A7EA00FF6698 /* main.m */,
				01F01E3B1720A7EA00FF6698 /* Calculator-Prefix.pch */,
				01F01E3F1720A7EA00FF6698 /* Default.png */,
				01F01E411720A7EA00FF6698 /* Default@2x.png */,
				01F01E431720A7EA00FF6698 /* Default-568h@2x.png */,
			);
			name = "Supporting Files";
			sourceTree = "<group>";
		};
/* End PBXGroup section */

/* Begin PBXNativeTarget section */
		01F01E281720A7EA00FF6698 /* Calculator */ = {
			isa = PBXNativeTarget;
			buildConfigurationList = 01F01E4D1720A7EB00FF6698 /* Build configuration list for PBXNativeTarget "Calculator" */;
			buildPhases = (
				01F01E251720A7EA00FF6698 /* Sources */,
				01F01E261720A7EA00FF6698 /* Frameworks */,
				01F01E271720A7EA00FF6698 /* Resources */,
			);
			buildRules = (
			);
			dependencies = (
			);
			name = Calculator;
			productName = Calculator;
			productReference = 01F01E291720A7EA00FF6698 /* Calculator.app */;
			productType = "com.apple.product-type.application";
		};
/* End PBXNativeTarget section */

/* Begin PBXProject section */
		01F01E201720A7EA00FF6698 /* Project object */ = {
			isa = PBXProject;
			attributes = {
				LastUpgradeCheck = 0450;
				ORGANIZATIONNAME = "Desire Gardner";
			};
			buildConfigurationList = 01F01E231720A7EA00FF6698 /* Build configuration list for PBXProject "Calculator" */;
			compatibilityVersion = "Xcode 3.2";
			developmentRegion = English;
			hasScannedForEncodings = 0;
			knownRegions = (
				en,
			);
			mainGroup = 01F01E1E1720A7EA00FF6698;
			productRefGroup = 01F01E2A1720A7EA00FF6698 /* Products */;
			projectDirPath = "";
			projectRoot = "";
			targets = (
				01F01E281720A7EA00FF6698 /* Calculator */,
			);
		};
/* End PBXProject section */

/* Begin PBXResourcesBuildPhase section */
		01F01E271720A7EA00FF6698 /* Resources */ = {
			isa = PBXResourcesBuildPhase;
			buildActionMask = 2147483647;
			files = (
				01F01E381720A7EA00FF6698 /* InfoPlist.strings in Resources */,
				01F01E401720A7EA00FF6698 /* Default.png in Resources */,
				01F01E421720A7EA00FF6698 /* Default@2x.png in Resources */,
				01F01E441720A7EA00FF6698 /* Default-568h@2x.png in Resources */,
				01F01E4A1720A7EB00FF6698 /* ViewController.xib in Resources */,
			);
			runOnlyForDeploymentPostprocessing = 0;
		};
/* End PBXResourcesBuildPhase section */

/* Begin PBXSourcesBuildPhase section */
		01F01E251720A7EA00FF6698 /* Sources */ = {
			isa = PBXSourcesBuildPhase;
			buildActionMask = 2147483647;
			files = (
				01F01E3A1720A7EA00FF6698 /* main.m in Sources */,
				01F01E3E1720A7EA00FF6698 /* AppDelegate.m in Sources */,
				01F01E471720A7EB00FF6698 /* ViewController.m in Sources */,
			);
			runOnlyForDeploymentPostprocessing = 0;
		};
/* End PBXSourcesBuildPhase section */

/* Begin PBXVariantGroup section */
		01F01E361720A7EA00FF6698 /* InfoPlist.strings */ = {
			isa = PBXVariantGroup;
			children = (
				01F01E371720A7EA00FF6698 /* en */,
			);
			name = InfoPlist.strings;
			sourceTree = "<group>";
		};
		01F01E481720A7EB00FF6698 /* ViewController.xib */ = {
			isa = PBXVariantGroup;
			children = (
				01F01E491720A7EB00FF6698 /* en */,
			);
			name = ViewController.xib;
			sourceTree = "<group>";
		};
/* End PBXVariantGroup section */

/* Begin XCBuildConfiguration section */
		01F01E4B1720A7EB00FF6698 /* Debug */ = {
			isa = XCBuildConfiguration;
			buildSettings = {
				ALWAYS_SEARCH_USER_PATHS = NO;
				CLANG_CXX_LANGUAGE_STANDARD = "gnu++0x";
				CLANG_CXX_LIBRARY = "libc++";
				CLANG_WARN_EMPTY_BODY = YES;
				CLANG_WARN__DUPLICATE_METHOD_MATCH = YES;
				"CODE_SIGN_IDENTITY[sdk=iphoneos*]" = "iPhone Developer";
				COPY_PHASE_STRIP = NO;
				GCC_C_LANGUAGE_STANDARD = gnu99;
				GCC_DYNAMIC_NO_PIC = NO;
				GCC_OPTIMIZATION_LEVEL = 0;
				GCC_PREPROCESSOR_DEFINITIONS = (
					"DEBUG=1",
					"$(inherited)",
				);
				GCC_SYMBOLS_PRIVATE_EXTERN = NO;
				GCC_WARN_ABOUT_RETURN_TYPE = YES;
				GCC_WARN_UNINITIALIZED_AUTOS = YES;
				GCC_WARN_UNUSED_VARIABLE = YES;
				IPHONEOS_DEPLOYMENT_TARGET = 6.0;
				ONLY_ACTIVE_ARCH = YES;
				SDKROOT = iphoneos;
			};
			name = Debug;
		};
		01F01E4C1720A7EB00FF6698 /* Release */ = {
			isa = XCBuildConfiguration;
			buildSettings = {
				ALWAYS_SEARCH_USER_PATHS = NO;
				CLANG_CXX_LANGUAGE_STANDARD = "gnu++0x";
				CLANG_CXX_LIBRARY = "libc++";
				CLANG_WARN_EMPTY_BODY = YES;
				CLANG_WARN__DUPLICATE_METHOD_MATCH = YES;
				"CODE_SIGN_IDENTITY[sdk=iphoneos*]" = "iPhone Developer";
				COPY_PHASE_STRIP = YES;
				GCC_C_LANGUAGE_STANDARD = gnu99;
				GCC_WARN_ABOUT_RETURN_TYPE = YES;
				GCC_WARN_UNINITIALIZED_AUTOS = YES;
				GCC_WARN_UNUSED_VARIABLE = YES;
				IPHONEOS_DEPLOYMENT_TARGET = 6.0;
				OTHER_CFLAGS = "-DNS_BLOCK_ASSERTIONS=1";
				SDKROOT = iphoneos;
				VALIDATE_PRODUCT = YES;
			};
			name = Release;
		};
		01F01E4E1720A7EB00FF6698 /* Debug */ = {
			isa = XCBuildConfiguration;
			buildSettings = {
				GCC_PRECOMPILE_PREFIX_HEADER = YES;
				GCC_PREFIX_HEADER = "Calculator/Calculator-Prefix.pch";
				INFOPLIST_FILE = "Calculator/Calculator-Info.plist";
				PRODUCT_NAME = "$(TARGET_NAME)";
				WRAPPER_EXTENSION = app;
			};
			name = Debug;
		};
		01F01E4F1720A7EB00FF6698 /* Release */ = {
			isa = XCBuildConfiguration;
			buildSettings = {
				GCC_PRECOMPILE_PREFIX_HEADER = YES;
				GCC_PREFIX_HEADER = "Calculator/Calculator-Prefix.pch";
				INFOPLIST_FILE = "Calculator/Calculator-Info.plist";
				PRODUCT_NAME = "$(TARGET_NAME)";
				WRAPPER_EXTENSION = app;
			};
			name = Release;
		};
/* End XCBuildConfiguration section */

/* Begin XCConfigurationList section */
		01F01E231720A7EA00FF6698 /* Build configuration list for PBXProject "Calculator" */ = {
			isa = XCConfigurationList;
			buildConfigurations = (
				01F01E4B1720A7EB00FF6698 /* Debug */,
				01F01E4C1720A7EB00FF6698 /* Release */,
			);
			defaultConfigurationIsVisible = 0;
			defaultConfigurationName = Release;
		};
		01F01E4D1720A7EB00FF6698 /* Build configuration list for PBXNativeTarget "Calculator" */ = {
			isa = XCConfigurationList;
			buildConfigurations = (
				01F01E4E1720A7EB00FF6698 /* Debug */,
				01F01E4F1720A7EB00FF6698 /* Release */,
			);
			defaultConfigurationIsVisible = 0;
		};
/* End XCConfigurationList section */
	};
	rootObject = 01F01E201720A7EA00FF6698 /* Project object */;
}
